
Microsoft Visual Studio Solution File, Format Version 12.00
# Visual Studio Version 16
VisualStudioVersion = 16.0.29728.190
MinimumVisualStudioVersion = 10.0.40219.1
Project("{FAE04EC0-301F-11D3-BF4B-00C04F79EFBC}") = "TelnetServer", "TelnetServer\TelnetServer.csproj", "{D7C9B953-B2D4-4262-A407-7FE0A60968F2}"
EndProject
Project("{FAE04EC0-301F-11D3-BF4B-00C04F79EFBC}") = "NetworkLibrary", "..\NetworkLibrary\NetworkLibrary\NetworkLibrary.csproj", "{1D9EB568-5B3F-4023-9BCB-8CF4757F2342}"
EndProject
Global
	GlobalSection(SolutionConfigurationPlatforms) = preSolution
		Debug|Any CPU = Debug|Any CPU
		Release|Any CPU = Release|Any CPU
	EndGlobalSection
	GlobalSection(ProjectConfigurationPlatforms) = postSolution
		{D7C9B953-B2D4-4262-A407-7FE0A60968F2}.Debug|Any CPU.ActiveCfg = Debug|Any CPU
		{D7C9B953-B2D4-4262-A407-7FE0A60968F2}.Debug|Any CPU.Build.0 = Debug|Any CPU
		{D7C9B953-B2D4-4262-A407-7FE0A60968F2}.Release|Any CPU.ActiveCfg = Release|Any CPU
		{D7C9B953-B2D4-4262-A407-7FE0A60968F2}.Release|Any CPU.Build.0 = Release|Any CPU
		{1D9EB568-5B3F-4023-9BCB-8CF4757F2342}.Debug|Any CPU.ActiveCfg = Debug|Any CPU
		{1D9EB568-5B3F-4023-9BCB-8CF4757F2342}.Debug|Any CPU.Build.0 = Debug|Any CPU
		{1D9EB568-5B3F-4023-9BCB-8CF4757F2342}.Release|Any CPU.ActiveCfg = Release|Any CPU
		{1D9EB568-5B3F-4023-9BCB-8CF4757F2342}.Release|Any CPU.Build.0 = Release|Any CPU
	EndGlobalSection
	GlobalSection(SolutionProperties) = preSolution
		HideSolutionNode = FALSE
	EndGlobalSection
	GlobalSection(ExtensibilityGlobals) = postSolution
		SolutionGuid = {2AD4332E-6980-4607-B790-C5F4CABBC7D2}
	EndGlobalSection
EndGlobal
